
Microsoft Visual Studio Solution File, Format Version 12.00
# Visual Studio 15
VisualStudioVersion = 15.0.27004.2006
MinimumVisualStudioVersion = 10.0.40219.1
Project("{FAE04EC0-301F-11D3-BF4B-00C04F79EFBC}") = "TwitterCodeAPI", "TwitterCodeAPI\TwitterCodeAPI.csproj", "{218597DA-2BC4-4FB8-B0B4-0DF2FF1F832B}"
EndProject
Global
	GlobalSection(SolutionConfigurationPlatforms) = preSolution
		Debug|Any CPU = Debug|Any CPU
		Release|Any CPU = Release|Any CPU
	EndGlobalSection
	GlobalSection(ProjectConfigurationPlatforms) = postSolution
		{218597DA-2BC4-4FB8-B0B4-0DF2FF1F832B}.Debug|Any CPU.ActiveCfg = Debug|Any CPU
		{218597DA-2BC4-4FB8-B0B4-0DF2FF1F832B}.Debug|Any CPU.Build.0 = Debug|Any CPU
		{218597DA-2BC4-4FB8-B0B4-0DF2FF1F832B}.Release|Any CPU.ActiveCfg = Release|Any CPU
		{218597DA-2BC4-4FB8-B0B4-0DF2FF1F832B}.Release|Any CPU.Build.0 = Release|Any CPU
	EndGlobalSection
	GlobalSection(SolutionProperties) = preSolution
		HideSolutionNode = FALSE
	EndGlobalSection
	GlobalSection(ExtensibilityGlobals) = postSolution
		SolutionGuid = {2B586985-3744-4DEF-B077-2F1BBDAFF94D}
	EndGlobalSection
EndGlobal
